
Microsoft Visual Studio Solution File, Format Version 12.00
# Visual Studio 14
VisualStudioVersion = 14.0.23107.0
MinimumVisualStudioVersion = 10.0.40219.1
Project("{FAE04EC0-301F-11D3-BF4B-00C04F79EFBC}") = "WeatherApi.Core", "src\WeatherApi.Core\WeatherApi.Core.csproj", "{596ECBF2-6986-4E7D-BCD8-C4D7120F74A7}"
EndProject
Project("{FAE04EC0-301F-11D3-BF4B-00C04F79EFBC}") = "WeatherApi.Tests.Unit", "src\WeatherApi.Tests.Unit\WeatherApi.Tests.Unit.csproj", "{FAA38776-43CE-4855-BFFA-51F67DC4E0B9}"
EndProject
Global
	GlobalSection(SolutionConfigurationPlatforms) = preSolution
		Debug|Any CPU = Debug|Any CPU
		Release|Any CPU = Release|Any CPU
	EndGlobalSection
	GlobalSection(ProjectConfigurationPlatforms) = postSolution
		{596ECBF2-6986-4E7D-BCD8-C4D7120F74A7}.Debug|Any CPU.ActiveCfg = Debug|Any CPU
		{596ECBF2-6986-4E7D-BCD8-C4D7120F74A7}.Debug|Any CPU.Build.0 = Debug|Any CPU
		{596ECBF2-6986-4E7D-BCD8-C4D7120F74A7}.Release|Any CPU.ActiveCfg = Release|Any CPU
		{596ECBF2-6986-4E7D-BCD8-C4D7120F74A7}.Release|Any CPU.Build.0 = Release|Any CPU
		{FAA38776-43CE-4855-BFFA-51F67DC4E0B9}.Debug|Any CPU.ActiveCfg = Debug|Any CPU
		{FAA38776-43CE-4855-BFFA-51F67DC4E0B9}.Debug|Any CPU.Build.0 = Debug|Any CPU
		{FAA38776-43CE-4855-BFFA-51F67DC4E0B9}.Release|Any CPU.ActiveCfg = Release|Any CPU
		{FAA38776-43CE-4855-BFFA-51F67DC4E0B9}.Release|Any CPU.Build.0 = Release|Any CPU
	EndGlobalSection
	GlobalSection(SolutionProperties) = preSolution
		HideSolutionNode = FALSE
	EndGlobalSection
EndGlobal
